
Microsoft Visual Studio Solution File, Format Version 12.00
# Visual Studio Version 17
VisualStudioVersion = 17.12.35514.174 d17.12
MinimumVisualStudioVersion = 10.0.40219.1
Project("{FAE04EC0-301F-11D3-BF4B-00C04F79EFBC}") = "BlazorWebApp", "BlazorWebApp\BlazorWebApp\BlazorWebApp.csproj", "{BAE51FC6-A5A0-4718-9094-E4E3176900D4}"
EndProject
Project("{FAE04EC0-301F-11D3-BF4B-00C04F79EFBC}") = "BlazorWebApp.Client", "BlazorWebApp\BlazorWebApp.Client\BlazorWebApp.Client.csproj", "{40962FA1-6701-4477-88BD-10D67FC6D94F}"
EndProject
Project("{FAE04EC0-301F-11D3-BF4B-00C04F79EFBC}") = "BlazorWebApi", "BlazorWebApi\BlazorWebApi.csproj", "{5C103324-9757-49EC-9326-9AB8FE211A9C}"
EndProject
Global
	GlobalSection(SolutionConfigurationPlatforms) = preSolution
		Debug|Any CPU = Debug|Any CPU
		Release|Any CPU = Release|Any CPU
	EndGlobalSection
	GlobalSection(ProjectConfigurationPlatforms) = postSolution
		{BAE51FC6-A5A0-4718-9094-E4E3176900D4}.Debug|Any CPU.ActiveCfg = Debug|Any CPU
		{BAE51FC6-A5A0-4718-9094-E4E3176900D4}.Debug|Any CPU.Build.0 = Debug|Any CPU
		{BAE51FC6-A5A0-4718-9094-E4E3176900D4}.Release|Any CPU.ActiveCfg = Release|Any CPU
		{BAE51FC6-A5A0-4718-9094-E4E3176900D4}.Release|Any CPU.Build.0 = Release|Any CPU
		{40962FA1-6701-4477-88BD-10D67FC6D94F}.Debug|Any CPU.ActiveCfg = Debug|Any CPU
		{40962FA1-6701-4477-88BD-10D67FC6D94F}.Debug|Any CPU.Build.0 = Debug|Any CPU
		{40962FA1-6701-4477-88BD-10D67FC6D94F}.Release|Any CPU.ActiveCfg = Release|Any CPU
		{40962FA1-6701-4477-88BD-10D67FC6D94F}.Release|Any CPU.Build.0 = Release|Any CPU
		{5C103324-9757-49EC-9326-9AB8FE211A9C}.Debug|Any CPU.ActiveCfg = Debug|Any CPU
		{5C103324-9757-49EC-9326-9AB8FE211A9C}.Debug|Any CPU.Build.0 = Debug|Any CPU
		{5C103324-9757-49EC-9326-9AB8FE211A9C}.Release|Any CPU.ActiveCfg = Release|Any CPU
		{5C103324-9757-49EC-9326-9AB8FE211A9C}.Release|Any CPU.Build.0 = Release|Any CPU
	EndGlobalSection
	GlobalSection(SolutionProperties) = preSolution
		HideSolutionNode = FALSE
	EndGlobalSection
EndGlobal
